
Microsoft Visual Studio Solution File, Format Version 12.00
# Visual Studio 15
VisualStudioVersion = 15.0.28307.572
MinimumVisualStudioVersion = 10.0.40219.1
Project("{8BC9CEB8-8B4A-11D0-8D11-00A0C91BC942}") = "project-udp-client", "project-udp-client\project-udp-client.vcxproj", "{6A8549C1-18C2-497B-BF81-5A7E010BBA53}"
EndProject
Project("{8BC9CEB8-8B4A-11D0-8D11-00A0C91BC942}") = "common", "server\common\common.vcxproj", "{8BD46820-1C81-441A-9133-5378CF1BC37E}"
EndProject
Global
	GlobalSection(SolutionConfigurationPlatforms) = preSolution
		Debug|x64 = Debug|x64
		Debug|x86 = Debug|x86
		Release|x64 = Release|x64
		Release|x86 = Release|x86
	EndGlobalSection
	GlobalSection(ProjectConfigurationPlatforms) = postSolution
		{6A8549C1-18C2-497B-BF81-5A7E010BBA53}.Debug|x64.ActiveCfg = Debug|Win32
		{6A8549C1-18C2-497B-BF81-5A7E010BBA53}.Debug|x64.Build.0 = Debug|Win32
		{6A8549C1-18C2-497B-BF81-5A7E010BBA53}.Debug|x86.ActiveCfg = Debug|Win32
		{6A8549C1-18C2-497B-BF81-5A7E010BBA53}.Debug|x86.Build.0 = Debug|Win32
		{6A8549C1-18C2-497B-BF81-5A7E010BBA53}.Release|x64.ActiveCfg = Release|x64
		{6A8549C1-18C2-497B-BF81-5A7E010BBA53}.Release|x64.Build.0 = Release|x64
		{6A8549C1-18C2-497B-BF81-5A7E010BBA53}.Release|x86.ActiveCfg = Release|Win32
		{6A8549C1-18C2-497B-BF81-5A7E010BBA53}.Release|x86.Build.0 = Release|Win32
		{8BD46820-1C81-441A-9133-5378CF1BC37E}.Debug|x64.ActiveCfg = Debug|Win32
		{8BD46820-1C81-441A-9133-5378CF1BC37E}.Debug|x86.ActiveCfg = Debug|Win32
		{8BD46820-1C81-441A-9133-5378CF1BC37E}.Debug|x86.Build.0 = Debug|Win32
		{8BD46820-1C81-441A-9133-5378CF1BC37E}.Release|x64.ActiveCfg = Release|Win32
		{8BD46820-1C81-441A-9133-5378CF1BC37E}.Release|x86.ActiveCfg = Release|Win32
		{8BD46820-1C81-441A-9133-5378CF1BC37E}.Release|x86.Build.0 = Release|Win32
	EndGlobalSection
	GlobalSection(SolutionProperties) = preSolution
		HideSolutionNode = FALSE
	EndGlobalSection
	GlobalSection(ExtensibilityGlobals) = postSolution
		SolutionGuid = {DC20FA8D-75DA-4CAD-9F56-0FD6F672D25B}
	EndGlobalSection
EndGlobal
