
Microsoft Visual Studio Solution File, Format Version 12.00
# Visual Studio 2015
Project("{FAE04EC0-301F-11D3-BF4B-00C04F79EFBC}") = "pushmole.CSharp.Plugins", "pushmole.CSharp.Plugins.csproj", "{1BECA5D4-DA86-E119-50CB-5A0CF2A6004F}"
EndProject
Project("{FAE04EC0-301F-11D3-BF4B-00C04F79EFBC}") = "pushmole.CSharp", "pushmole.CSharp.csproj", "{648C73AC-73C2-CDE2-6DC2-D6735A51A788}"
EndProject
Project("{FAE04EC0-301F-11D3-BF4B-00C04F79EFBC}") = "pushmole.CSharp.Editor", "pushmole.CSharp.Editor.csproj", "{6D40A1A5-B785-4CFC-DAC4-8D32B37BDB70}"
EndProject
Global
	GlobalSection(SolutionConfigurationPlatforms) = preSolution
		Debug|Any CPU = Debug|Any CPU
		Release|Any CPU = Release|Any CPU
	EndGlobalSection
	GlobalSection(ProjectConfigurationPlatforms) = postSolution
		{1BECA5D4-DA86-E119-50CB-5A0CF2A6004F}.Debug|Any CPU.ActiveCfg = Debug|Any CPU
		{1BECA5D4-DA86-E119-50CB-5A0CF2A6004F}.Debug|Any CPU.Build.0 = Debug|Any CPU
		{1BECA5D4-DA86-E119-50CB-5A0CF2A6004F}.Release|Any CPU.ActiveCfg = Release|Any CPU
		{1BECA5D4-DA86-E119-50CB-5A0CF2A6004F}.Release|Any CPU.Build.0 = Release|Any CPU
		{648C73AC-73C2-CDE2-6DC2-D6735A51A788}.Debug|Any CPU.ActiveCfg = Debug|Any CPU
		{648C73AC-73C2-CDE2-6DC2-D6735A51A788}.Debug|Any CPU.Build.0 = Debug|Any CPU
		{648C73AC-73C2-CDE2-6DC2-D6735A51A788}.Release|Any CPU.ActiveCfg = Release|Any CPU
		{648C73AC-73C2-CDE2-6DC2-D6735A51A788}.Release|Any CPU.Build.0 = Release|Any CPU
		{6D40A1A5-B785-4CFC-DAC4-8D32B37BDB70}.Debug|Any CPU.ActiveCfg = Debug|Any CPU
		{6D40A1A5-B785-4CFC-DAC4-8D32B37BDB70}.Debug|Any CPU.Build.0 = Debug|Any CPU
		{6D40A1A5-B785-4CFC-DAC4-8D32B37BDB70}.Release|Any CPU.ActiveCfg = Release|Any CPU
		{6D40A1A5-B785-4CFC-DAC4-8D32B37BDB70}.Release|Any CPU.Build.0 = Release|Any CPU
	EndGlobalSection
	GlobalSection(SolutionProperties) = preSolution
		HideSolutionNode = FALSE
	EndGlobalSection
EndGlobal
