
Microsoft Visual Studio Solution File, Format Version 12.00
# Visual Studio 2015
Project("{FAE04EC0-301F-11D3-BF4B-00C04F79EFBC}") = "pushmole.Plugins", "pushmole.Plugins.csproj", "{18BABFF2-FD06-F3B2-C33D-F2F21A907A6F}"
EndProject
Project("{FAE04EC0-301F-11D3-BF4B-00C04F79EFBC}") = "pushmole", "pushmole.csproj", "{CF560808-E3E0-3D07-073C-5EA2FEC1DA02}"
EndProject
Project("{FAE04EC0-301F-11D3-BF4B-00C04F79EFBC}") = "pushmole.Editor", "pushmole.Editor.csproj", "{096BFB14-1D1C-BE3B-E940-EF5BBBB30A9F}"
EndProject
Global
	GlobalSection(SolutionConfigurationPlatforms) = preSolution
		Debug|Any CPU = Debug|Any CPU
		Release|Any CPU = Release|Any CPU
	EndGlobalSection
	GlobalSection(ProjectConfigurationPlatforms) = postSolution
		{18BABFF2-FD06-F3B2-C33D-F2F21A907A6F}.Debug|Any CPU.ActiveCfg = Debug|Any CPU
		{18BABFF2-FD06-F3B2-C33D-F2F21A907A6F}.Debug|Any CPU.Build.0 = Debug|Any CPU
		{18BABFF2-FD06-F3B2-C33D-F2F21A907A6F}.Release|Any CPU.ActiveCfg = Release|Any CPU
		{18BABFF2-FD06-F3B2-C33D-F2F21A907A6F}.Release|Any CPU.Build.0 = Release|Any CPU
		{CF560808-E3E0-3D07-073C-5EA2FEC1DA02}.Debug|Any CPU.ActiveCfg = Debug|Any CPU
		{CF560808-E3E0-3D07-073C-5EA2FEC1DA02}.Debug|Any CPU.Build.0 = Debug|Any CPU
		{CF560808-E3E0-3D07-073C-5EA2FEC1DA02}.Release|Any CPU.ActiveCfg = Release|Any CPU
		{CF560808-E3E0-3D07-073C-5EA2FEC1DA02}.Release|Any CPU.Build.0 = Release|Any CPU
		{096BFB14-1D1C-BE3B-E940-EF5BBBB30A9F}.Debug|Any CPU.ActiveCfg = Debug|Any CPU
		{096BFB14-1D1C-BE3B-E940-EF5BBBB30A9F}.Debug|Any CPU.Build.0 = Debug|Any CPU
		{096BFB14-1D1C-BE3B-E940-EF5BBBB30A9F}.Release|Any CPU.ActiveCfg = Release|Any CPU
		{096BFB14-1D1C-BE3B-E940-EF5BBBB30A9F}.Release|Any CPU.Build.0 = Release|Any CPU
	EndGlobalSection
	GlobalSection(SolutionProperties) = preSolution
		HideSolutionNode = FALSE
	EndGlobalSection
EndGlobal
